{
  "name": "@securecodebox/parser-nuclei",
  "version": "1.0.0",
  "lockfileVersion": 1,
  "requires": true,
  "dependencies": {
    "read-json-lines-sync": {
      "version": "2.1.9",
      "resolved": "https://registry.npmjs.org/read-json-lines-sync/-/read-json-lines-sync-2.1.9.tgz",
      "integrity": "sha512-mJmSPApv5vaFPNcAbArjesgfv2KNtDEyMppvIZknjCwJfypTm2dJHXOr6CVKo41VJtSpUDV8Tx77H412i5b7HA=="
    }
  }
}
