{
  "name": "@securecodebox/hook-finding-post-processing",
  "version": "1.0.0",
  "lockfileVersion": 2,
  "requires": true,
  "packages": {
    "": {
      "name": "@securecodebox/hook-finding-post-processing",
      "version": "1.0.0",
      "license": "Apache-2.0",
      "dependencies": {
        "lodash-es": "^4.17.23"
      },
      "devDependencies": {}
    },
    "node_modules/lodash-es": {
      "version": "4.17.23",
      "resolved": "https://registry.npmjs.org/lodash-es/-/lodash-es-4.17.23.tgz",
      "integrity": "sha512-kVI48u3PZr38HdYz98UmfPnXl2DXrpdctLrFLCd3kOx1xUkOmpFPx7gCWWM5MPkL/fD8zb+Ph0QzjGFs4+hHWg=="
    }
  },
  "dependencies": {
    "lodash-es": {
      "version": "4.17.23",
      "resolved": "https://registry.npmjs.org/lodash-es/-/lodash-es-4.17.23.tgz",
      "integrity": "sha512-kVI48u3PZr38HdYz98UmfPnXl2DXrpdctLrFLCd3kOx1xUkOmpFPx7gCWWM5MPkL/fD8zb+Ph0QzjGFs4+hHWg=="
    }
  }
}
